<?xml version="1.0" encoding="utf-8"?>
<Project ToolsVersion="4.0" xmlns="http://schemas.microsoft.com/developer/msbuild/2003">
  <ItemGroup>
    <ClCompile Include="stdafx.cpp" />
    <ClCompile Include="Engine.cpp">
      <Filter>Engine\Engine</Filter>
    </ClCompile>
    <ClCompile Include="ResourceManager.cpp">
      <Filter>Engine\Engine</Filter>
    </ClCompile>
    <ClCompile Include="Log.cpp">
      <Filter>Engine\Engine</Filter>
    </ClCompile>
  </ItemGroup>
  <ItemGroup>
    <ClInclude Include="stdafx.h" />
    <ClInclude Include="Vector4.h">
      <Filter>Engine\Math</Filter>
    </ClInclude>
    <ClInclude Include="CoreMath.h">
      <Filter>Engine\Math</Filter>
    </ClInclude>
    <ClInclude Include="Vector3.h">
      <Filter>Engine\Math</Filter>
    </ClInclude>
    <ClInclude Include="Engine.h">
      <Filter>Engine\Engine</Filter>
    </ClInclude>
    <ClInclude Include="IAppState.h">
      <Filter>Engine\Engine</Filter>
    </ClInclude>
    <ClInclude Include="ResourceManager.h">
      <Filter>Engine\Engine</Filter>
    </ClInclude>
    <ClInclude Include="Log.h">
      <Filter>Engine\Engine</Filter>
    </ClInclude>
  </ItemGroup>
  <ItemGroup>
    <Filter Include="Engine">
      <UniqueIdentifier>{c22f70a9-aa11-41c3-a9b2-af51a78ee60c}</UniqueIdentifier>
    </Filter>
    <Filter Include="Engine\Math">
      <UniqueIdentifier>{00380b98-77df-4390-88d2-b2e92826a722}</UniqueIdentifier>
    </Filter>
    <Filter Include="Engine\Engine">
      <UniqueIdentifier>{a7595551-95a7-463e-af06-03a27db0e539}</UniqueIdentifier>
    </Filter>
  </ItemGroup>
</Project>